
Microsoft Visual Studio Solution File, Format Version 12.00
# Visual Studio Version 17
VisualStudioVersion = 17.0.31903.59
MinimumVisualStudioVersion = 10.0.40219.1
Project("{2150E333-8FDC-42A3-9474-1A3956D46DE8}") = "src", "src", "{7F0DC2F0-816F-4E61-8BB2-7DDC06464192}"
EndProject
Project("{FAE04EC0-301F-11D3-BF4B-00C04F79EFBC}") = "Api", "src\Api\Api.csproj", "{3A739FB2-7CD5-4E74-8BF1-0F185F1388D9}"
EndProject
Project("{FAE04EC0-301F-11D3-BF4B-00C04F79EFBC}") = "Application", "src\Application\Application.csproj", "{AE73267B-7637-4D62-AF2C-474839BBFBBE}"
EndProject
Project("{FAE04EC0-301F-11D3-BF4B-00C04F79EFBC}") = "Domain", "src\Domain\Domain.csproj", "{A2A8A533-5331-4F65-BE9D-61B0748670DF}"
EndProject
Project("{FAE04EC0-301F-11D3-BF4B-00C04F79EFBC}") = "Infrastructure", "src\Infrastructure\Infrastructure.csproj", "{B9E93B4D-F58F-47B3-B465-20EEC4EB3D28}"
EndProject
Project("{FAE04EC0-301F-11D3-BF4B-00C04F79EFBC}") = "Shared", "src\Shared\Shared.csproj", "{2F1115C3-E944-4AEC-A996-C64269534C5E}"
EndProject
Project("{2150E333-8FDC-42A3-9474-1A3956D46DE8}") = "tests", "tests", "{F1B566C3-F41C-4959-BB00-3BDF26E10B5D}"
EndProject
Project("{FAE04EC0-301F-11D3-BF4B-00C04F79EFBC}") = "Unit", "tests\Unit\Unit.csproj", "{06815B40-16D1-43B7-8DD0-E975AA05E508}"
EndProject
Project("{FAE04EC0-301F-11D3-BF4B-00C04F79EFBC}") = "Integration", "tests\Integration\Integration.csproj", "{9954FA0C-689C-40CA-B571-CCE98442BDB6}"
EndProject
Global
	GlobalSection(SolutionConfigurationPlatforms) = preSolution
		Debug|Any CPU = Debug|Any CPU
		Release|Any CPU = Release|Any CPU
	EndGlobalSection
	GlobalSection(SolutionProperties) = preSolution
		HideSolutionNode = FALSE
	EndGlobalSection
	GlobalSection(ProjectConfigurationPlatforms) = postSolution
		{3A739FB2-7CD5-4E74-8BF1-0F185F1388D9}.Debug|Any CPU.ActiveCfg = Debug|Any CPU
		{3A739FB2-7CD5-4E74-8BF1-0F185F1388D9}.Debug|Any CPU.Build.0 = Debug|Any CPU
		{3A739FB2-7CD5-4E74-8BF1-0F185F1388D9}.Release|Any CPU.ActiveCfg = Release|Any CPU
		{3A739FB2-7CD5-4E74-8BF1-0F185F1388D9}.Release|Any CPU.Build.0 = Release|Any CPU
		{AE73267B-7637-4D62-AF2C-474839BBFBBE}.Debug|Any CPU.ActiveCfg = Debug|Any CPU
		{AE73267B-7637-4D62-AF2C-474839BBFBBE}.Debug|Any CPU.Build.0 = Debug|Any CPU
		{AE73267B-7637-4D62-AF2C-474839BBFBBE}.Release|Any CPU.ActiveCfg = Release|Any CPU
		{AE73267B-7637-4D62-AF2C-474839BBFBBE}.Release|Any CPU.Build.0 = Release|Any CPU
		{A2A8A533-5331-4F65-BE9D-61B0748670DF}.Debug|Any CPU.ActiveCfg = Debug|Any CPU
		{A2A8A533-5331-4F65-BE9D-61B0748670DF}.Debug|Any CPU.Build.0 = Debug|Any CPU
		{A2A8A533-5331-4F65-BE9D-61B0748670DF}.Release|Any CPU.ActiveCfg = Release|Any CPU
		{A2A8A533-5331-4F65-BE9D-61B0748670DF}.Release|Any CPU.Build.0 = Release|Any CPU
		{B9E93B4D-F58F-47B3-B465-20EEC4EB3D28}.Debug|Any CPU.ActiveCfg = Debug|Any CPU
		{B9E93B4D-F58F-47B3-B465-20EEC4EB3D28}.Debug|Any CPU.Build.0 = Debug|Any CPU
		{B9E93B4D-F58F-47B3-B465-20EEC4EB3D28}.Release|Any CPU.ActiveCfg = Release|Any CPU
		{B9E93B4D-F58F-47B3-B465-20EEC4EB3D28}.Release|Any CPU.Build.0 = Release|Any CPU
		{2F1115C3-E944-4AEC-A996-C64269534C5E}.Debug|Any CPU.ActiveCfg = Debug|Any CPU
		{2F1115C3-E944-4AEC-A996-C64269534C5E}.Debug|Any CPU.Build.0 = Debug|Any CPU
		{2F1115C3-E944-4AEC-A996-C64269534C5E}.Release|Any CPU.ActiveCfg = Release|Any CPU
		{2F1115C3-E944-4AEC-A996-C64269534C5E}.Release|Any CPU.Build.0 = Release|Any CPU
		{06815B40-16D1-43B7-8DD0-E975AA05E508}.Debug|Any CPU.ActiveCfg = Debug|Any CPU
		{06815B40-16D1-43B7-8DD0-E975AA05E508}.Debug|Any CPU.Build.0 = Debug|Any CPU
		{06815B40-16D1-43B7-8DD0-E975AA05E508}.Release|Any CPU.ActiveCfg = Release|Any CPU
		{06815B40-16D1-43B7-8DD0-E975AA05E508}.Release|Any CPU.Build.0 = Release|Any CPU
		{9954FA0C-689C-40CA-B571-CCE98442BDB6}.Debug|Any CPU.ActiveCfg = Debug|Any CPU
		{9954FA0C-689C-40CA-B571-CCE98442BDB6}.Debug|Any CPU.Build.0 = Debug|Any CPU
		{9954FA0C-689C-40CA-B571-CCE98442BDB6}.Release|Any CPU.ActiveCfg = Release|Any CPU
		{9954FA0C-689C-40CA-B571-CCE98442BDB6}.Release|Any CPU.Build.0 = Release|Any CPU
	EndGlobalSection
	GlobalSection(NestedProjects) = preSolution
		{3A739FB2-7CD5-4E74-8BF1-0F185F1388D9} = {7F0DC2F0-816F-4E61-8BB2-7DDC06464192}
		{AE73267B-7637-4D62-AF2C-474839BBFBBE} = {7F0DC2F0-816F-4E61-8BB2-7DDC06464192}
		{A2A8A533-5331-4F65-BE9D-61B0748670DF} = {7F0DC2F0-816F-4E61-8BB2-7DDC06464192}
		{B9E93B4D-F58F-47B3-B465-20EEC4EB3D28} = {7F0DC2F0-816F-4E61-8BB2-7DDC06464192}
		{2F1115C3-E944-4AEC-A996-C64269534C5E} = {7F0DC2F0-816F-4E61-8BB2-7DDC06464192}
		{06815B40-16D1-43B7-8DD0-E975AA05E508} = {F1B566C3-F41C-4959-BB00-3BDF26E10B5D}
		{9954FA0C-689C-40CA-B571-CCE98442BDB6} = {F1B566C3-F41C-4959-BB00-3BDF26E10B5D}
	EndGlobalSection
EndGlobal
